
Microsoft Visual Studio Solution File, Format Version 12.00
# Visual Studio Version 17
VisualStudioVersion = 17.7.34024.191
MinimumVisualStudioVersion = 10.0.40219.1
Project("{8BC9CEB8-8B4A-11D0-8D11-00A0C91BC942}") = "Lec_00(Test)", "Lec_00(Test)\Lec_00(Test).vcxproj", "{070C487D-BA85-442F-BC6F-0BDA7847E36E}"
EndProject
Project("{8BC9CEB8-8B4A-11D0-8D11-00A0C91BC942}") = "Lec_01", "Lec_01\Lec_01.vcxproj", "{9C2688E9-837C-4423-8C93-F3F322B58A73}"
EndProject
Project("{8BC9CEB8-8B4A-11D0-8D11-00A0C91BC942}") = "Assignment_01(ISIN)", "Assignment_01\Assignment_01.vcxproj", "{E1C09C1D-E326-4811-9264-6905FF5DCA4E}"
EndProject
Project("{8BC9CEB8-8B4A-11D0-8D11-00A0C91BC942}") = "Assignment_02(CrossSquare)", "Assignment_02(CrossSquare)\Assignment_02(CrossSquare).vcxproj", "{B6F112A6-E047-4F91-BFFF-86C1BD8743A3}"
EndProject
Project("{8BC9CEB8-8B4A-11D0-8D11-00A0C91BC942}") = "TempCode", "TempCode\TempCode.vcxproj", "{EB9456FC-17E1-444D-81AB-AECA6026289D}"
EndProject
Project("{8BC9CEB8-8B4A-11D0-8D11-00A0C91BC942}") = "Assignment_03(Shisima)", "Assignment_03(Shisima)\Assignment_03(Shisima).vcxproj", "{BE183A65-C044-4CA8-83B5-2BC3CED9B68E}"
EndProject
Project("{8BC9CEB8-8B4A-11D0-8D11-00A0C91BC942}") = "Assignment_04(Battleship)", "Assignment_04(Battleship)\Assignment_04(Battleship).vcxproj", "{452FC271-AD0A-40B7-9BAC-62E87CAB15CB}"
EndProject
Project("{8BC9CEB8-8B4A-11D0-8D11-00A0C91BC942}") = "Assignment_05(RushHour)", "Assignment_05(RushHour)\Assignment_05(RushHour).vcxproj", "{C33DD655-A684-43F8-8A0B-F83E438E6E17}"
EndProject
Project("{8BC9CEB8-8B4A-11D0-8D11-00A0C91BC942}") = "Assignment_06(UNO)", "Assignment_06(UNO)\Assignment_06(UNO).vcxproj", "{10D5696F-8315-4C59-9950-3B2859F28818}"
EndProject
Global
	GlobalSection(SolutionConfigurationPlatforms) = preSolution
		Debug|x64 = Debug|x64
		Debug|x86 = Debug|x86
		Release|x64 = Release|x64
		Release|x86 = Release|x86
	EndGlobalSection
	GlobalSection(ProjectConfigurationPlatforms) = postSolution
		{070C487D-BA85-442F-BC6F-0BDA7847E36E}.Debug|x64.ActiveCfg = Debug|x64
		{070C487D-BA85-442F-BC6F-0BDA7847E36E}.Debug|x64.Build.0 = Debug|x64
		{070C487D-BA85-442F-BC6F-0BDA7847E36E}.Debug|x86.ActiveCfg = Debug|Win32
		{070C487D-BA85-442F-BC6F-0BDA7847E36E}.Debug|x86.Build.0 = Debug|Win32
		{070C487D-BA85-442F-BC6F-0BDA7847E36E}.Release|x64.ActiveCfg = Release|x64
		{070C487D-BA85-442F-BC6F-0BDA7847E36E}.Release|x64.Build.0 = Release|x64
		{070C487D-BA85-442F-BC6F-0BDA7847E36E}.Release|x86.ActiveCfg = Release|Win32
		{070C487D-BA85-442F-BC6F-0BDA7847E36E}.Release|x86.Build.0 = Release|Win32
		{9C2688E9-837C-4423-8C93-F3F322B58A73}.Debug|x64.ActiveCfg = Debug|x64
		{9C2688E9-837C-4423-8C93-F3F322B58A73}.Debug|x64.Build.0 = Debug|x64
		{9C2688E9-837C-4423-8C93-F3F322B58A73}.Debug|x86.ActiveCfg = Debug|Win32
		{9C2688E9-837C-4423-8C93-F3F322B58A73}.Debug|x86.Build.0 = Debug|Win32
		{9C2688E9-837C-4423-8C93-F3F322B58A73}.Release|x64.ActiveCfg = Release|x64
		{9C2688E9-837C-4423-8C93-F3F322B58A73}.Release|x64.Build.0 = Release|x64
		{9C2688E9-837C-4423-8C93-F3F322B58A73}.Release|x86.ActiveCfg = Release|Win32
		{9C2688E9-837C-4423-8C93-F3F322B58A73}.Release|x86.Build.0 = Release|Win32
		{E1C09C1D-E326-4811-9264-6905FF5DCA4E}.Debug|x64.ActiveCfg = Debug|x64
		{E1C09C1D-E326-4811-9264-6905FF5DCA4E}.Debug|x64.Build.0 = Debug|x64
		{E1C09C1D-E326-4811-9264-6905FF5DCA4E}.Debug|x86.ActiveCfg = Debug|Win32
		{E1C09C1D-E326-4811-9264-6905FF5DCA4E}.Debug|x86.Build.0 = Debug|Win32
		{E1C09C1D-E326-4811-9264-6905FF5DCA4E}.Release|x64.ActiveCfg = Release|x64
		{E1C09C1D-E326-4811-9264-6905FF5DCA4E}.Release|x64.Build.0 = Release|x64
		{E1C09C1D-E326-4811-9264-6905FF5DCA4E}.Release|x86.ActiveCfg = Release|Win32
		{E1C09C1D-E326-4811-9264-6905FF5DCA4E}.Release|x86.Build.0 = Release|Win32
		{B6F112A6-E047-4F91-BFFF-86C1BD8743A3}.Debug|x64.ActiveCfg = Debug|x64
		{B6F112A6-E047-4F91-BFFF-86C1BD8743A3}.Debug|x64.Build.0 = Debug|x64
		{B6F112A6-E047-4F91-BFFF-86C1BD8743A3}.Debug|x86.ActiveCfg = Debug|Win32
		{B6F112A6-E047-4F91-BFFF-86C1BD8743A3}.Debug|x86.Build.0 = Debug|Win32
		{B6F112A6-E047-4F91-BFFF-86C1BD8743A3}.Release|x64.ActiveCfg = Release|x64
		{B6F112A6-E047-4F91-BFFF-86C1BD8743A3}.Release|x64.Build.0 = Release|x64
		{B6F112A6-E047-4F91-BFFF-86C1BD8743A3}.Release|x86.ActiveCfg = Release|Win32
		{B6F112A6-E047-4F91-BFFF-86C1BD8743A3}.Release|x86.Build.0 = Release|Win32
		{EB9456FC-17E1-444D-81AB-AECA6026289D}.Debug|x64.ActiveCfg = Debug|x64
		{EB9456FC-17E1-444D-81AB-AECA6026289D}.Debug|x64.Build.0 = Debug|x64
		{EB9456FC-17E1-444D-81AB-AECA6026289D}.Debug|x86.ActiveCfg = Debug|Win32
		{EB9456FC-17E1-444D-81AB-AECA6026289D}.Debug|x86.Build.0 = Debug|Win32
		{EB9456FC-17E1-444D-81AB-AECA6026289D}.Release|x64.ActiveCfg = Release|x64
		{EB9456FC-17E1-444D-81AB-AECA6026289D}.Release|x64.Build.0 = Release|x64
		{EB9456FC-17E1-444D-81AB-AECA6026289D}.Release|x86.ActiveCfg = Release|Win32
		{EB9456FC-17E1-444D-81AB-AECA6026289D}.Release|x86.Build.0 = Release|Win32
		{BE183A65-C044-4CA8-83B5-2BC3CED9B68E}.Debug|x64.ActiveCfg = Debug|x64
		{BE183A65-C044-4CA8-83B5-2BC3CED9B68E}.Debug|x64.Build.0 = Debug|x64
		{BE183A65-C044-4CA8-83B5-2BC3CED9B68E}.Debug|x86.ActiveCfg = Debug|Win32
		{BE183A65-C044-4CA8-83B5-2BC3CED9B68E}.Debug|x86.Build.0 = Debug|Win32
		{BE183A65-C044-4CA8-83B5-2BC3CED9B68E}.Release|x64.ActiveCfg = Release|x64
		{BE183A65-C044-4CA8-83B5-2BC3CED9B68E}.Release|x64.Build.0 = Release|x64
		{BE183A65-C044-4CA8-83B5-2BC3CED9B68E}.Release|x86.ActiveCfg = Release|Win32
		{BE183A65-C044-4CA8-83B5-2BC3CED9B68E}.Release|x86.Build.0 = Release|Win32
		{452FC271-AD0A-40B7-9BAC-62E87CAB15CB}.Debug|x64.ActiveCfg = Debug|x64
		{452FC271-AD0A-40B7-9BAC-62E87CAB15CB}.Debug|x64.Build.0 = Debug|x64
		{452FC271-AD0A-40B7-9BAC-62E87CAB15CB}.Debug|x86.ActiveCfg = Debug|Win32
		{452FC271-AD0A-40B7-9BAC-62E87CAB15CB}.Debug|x86.Build.0 = Debug|Win32
		{452FC271-AD0A-40B7-9BAC-62E87CAB15CB}.Release|x64.ActiveCfg = Release|x64
		{452FC271-AD0A-40B7-9BAC-62E87CAB15CB}.Release|x64.Build.0 = Release|x64
		{452FC271-AD0A-40B7-9BAC-62E87CAB15CB}.Release|x86.ActiveCfg = Release|Win32
		{452FC271-AD0A-40B7-9BAC-62E87CAB15CB}.Release|x86.Build.0 = Release|Win32
		{C33DD655-A684-43F8-8A0B-F83E438E6E17}.Debug|x64.ActiveCfg = Debug|x64
		{C33DD655-A684-43F8-8A0B-F83E438E6E17}.Debug|x64.Build.0 = Debug|x64
		{C33DD655-A684-43F8-8A0B-F83E438E6E17}.Debug|x86.ActiveCfg = Debug|Win32
		{C33DD655-A684-43F8-8A0B-F83E438E6E17}.Debug|x86.Build.0 = Debug|Win32
		{C33DD655-A684-43F8-8A0B-F83E438E6E17}.Release|x64.ActiveCfg = Release|x64
		{C33DD655-A684-43F8-8A0B-F83E438E6E17}.Release|x64.Build.0 = Release|x64
		{C33DD655-A684-43F8-8A0B-F83E438E6E17}.Release|x86.ActiveCfg = Release|Win32
		{C33DD655-A684-43F8-8A0B-F83E438E6E17}.Release|x86.Build.0 = Release|Win32
		{10D5696F-8315-4C59-9950-3B2859F28818}.Debug|x64.ActiveCfg = Debug|x64
		{10D5696F-8315-4C59-9950-3B2859F28818}.Debug|x64.Build.0 = Debug|x64
		{10D5696F-8315-4C59-9950-3B2859F28818}.Debug|x86.ActiveCfg = Debug|Win32
		{10D5696F-8315-4C59-9950-3B2859F28818}.Debug|x86.Build.0 = Debug|Win32
		{10D5696F-8315-4C59-9950-3B2859F28818}.Release|x64.ActiveCfg = Release|x64
		{10D5696F-8315-4C59-9950-3B2859F28818}.Release|x64.Build.0 = Release|x64
		{10D5696F-8315-4C59-9950-3B2859F28818}.Release|x86.ActiveCfg = Release|Win32
		{10D5696F-8315-4C59-9950-3B2859F28818}.Release|x86.Build.0 = Release|Win32
	EndGlobalSection
	GlobalSection(SolutionProperties) = preSolution
		HideSolutionNode = FALSE
	EndGlobalSection
	GlobalSection(ExtensibilityGlobals) = postSolution
		SolutionGuid = {AA390C2F-3098-422B-A63B-0B95EB7BF0F7}
	EndGlobalSection
EndGlobal
